
Microsoft Visual Studio Solution File, Format Version 12.00
# Visual Studio Version 17
VisualStudioVersion = 17.7.34024.191
MinimumVisualStudioVersion = 10.0.40219.1
Project("{9A19103F-16F7-4668-BE54-9A1E7A4F7556}") = "WeatherForecast.Web", "WeatherForecast.Web\WeatherForecast.Web.csproj", "{BED1BF63-1350-4690-A16E-7D807AB24AE7}"
EndProject
Project("{9A19103F-16F7-4668-BE54-9A1E7A4F7556}") = "WeatherForecast.Infrastructure", "WeatherForecast.Infrastructure\WeatherForecast.Infrastructure.csproj", "{929B0391-2C41-442D-9C89-A926BC90D975}"
EndProject
Project("{9A19103F-16F7-4668-BE54-9A1E7A4F7556}") = "WeatherForecast.Core", "WeatherForecast.Core\WeatherForecast.Core.csproj", "{0753FC81-159F-4425-B364-857B988A19BF}"
EndProject
Project("{9A19103F-16F7-4668-BE54-9A1E7A4F7556}") = "WeatherForecast.Unit_test", "WeatherForecast.Unit_test\WeatherForecast.Unit_test.csproj", "{B4AF3E5B-1204-4D41-970B-8512C5C6A9E7}"
EndProject
Global
	GlobalSection(SolutionConfigurationPlatforms) = preSolution
		Debug|Any CPU = Debug|Any CPU
		Release|Any CPU = Release|Any CPU
	EndGlobalSection
	GlobalSection(ProjectConfigurationPlatforms) = postSolution
		{BED1BF63-1350-4690-A16E-7D807AB24AE7}.Debug|Any CPU.ActiveCfg = Debug|Any CPU
		{BED1BF63-1350-4690-A16E-7D807AB24AE7}.Debug|Any CPU.Build.0 = Debug|Any CPU
		{BED1BF63-1350-4690-A16E-7D807AB24AE7}.Release|Any CPU.ActiveCfg = Release|Any CPU
		{BED1BF63-1350-4690-A16E-7D807AB24AE7}.Release|Any CPU.Build.0 = Release|Any CPU
		{929B0391-2C41-442D-9C89-A926BC90D975}.Debug|Any CPU.ActiveCfg = Debug|Any CPU
		{929B0391-2C41-442D-9C89-A926BC90D975}.Debug|Any CPU.Build.0 = Debug|Any CPU
		{929B0391-2C41-442D-9C89-A926BC90D975}.Release|Any CPU.ActiveCfg = Release|Any CPU
		{929B0391-2C41-442D-9C89-A926BC90D975}.Release|Any CPU.Build.0 = Release|Any CPU
		{0753FC81-159F-4425-B364-857B988A19BF}.Debug|Any CPU.ActiveCfg = Debug|Any CPU
		{0753FC81-159F-4425-B364-857B988A19BF}.Debug|Any CPU.Build.0 = Debug|Any CPU
		{0753FC81-159F-4425-B364-857B988A19BF}.Release|Any CPU.ActiveCfg = Release|Any CPU
		{0753FC81-159F-4425-B364-857B988A19BF}.Release|Any CPU.Build.0 = Release|Any CPU
		{B4AF3E5B-1204-4D41-970B-8512C5C6A9E7}.Debug|Any CPU.ActiveCfg = Debug|Any CPU
		{B4AF3E5B-1204-4D41-970B-8512C5C6A9E7}.Debug|Any CPU.Build.0 = Debug|Any CPU
		{B4AF3E5B-1204-4D41-970B-8512C5C6A9E7}.Release|Any CPU.ActiveCfg = Release|Any CPU
		{B4AF3E5B-1204-4D41-970B-8512C5C6A9E7}.Release|Any CPU.Build.0 = Release|Any CPU
	EndGlobalSection
	GlobalSection(SolutionProperties) = preSolution
		HideSolutionNode = FALSE
	EndGlobalSection
	GlobalSection(ExtensibilityGlobals) = postSolution
		SolutionGuid = {D929A78D-5140-4D5B-B787-C71851F94265}
	EndGlobalSection
EndGlobal
